{
  "name": "introducing-high-school-students-to-version-control-continuous-integration-and-quality-assurance",
  "version": "1.0.0",
  "lockfileVersion": 3,
  "requires": true,
  "packages": {
    "": {
      "name": "introducing-high-school-students-to-version-control-continuous-integration-and-quality-assurance",
      "version": "1.0.0"
    }
  }
}
